
Microsoft Visual Studio Solution File, Format Version 12.00
# Visual Studio Version 17
VisualStudioVersion = 17.5.33502.453
MinimumVisualStudioVersion = 10.0.40219.1
Project("{9A19103F-16F7-4668-BE54-9A1E7A4F7556}") = "fpsPlus.Database", "fpsPlus.Database.csproj", "{0594C42C-E70E-4885-BAC7-4A1DD0196EDA}"
EndProject
Global
	GlobalSection(SolutionConfigurationPlatforms) = preSolution
		Debug|Any CPU = Debug|Any CPU
		Release|Any CPU = Release|Any CPU
	EndGlobalSection
	GlobalSection(ProjectConfigurationPlatforms) = postSolution
		{0594C42C-E70E-4885-BAC7-4A1DD0196EDA}.Debug|Any CPU.ActiveCfg = Debug|Any CPU
		{0594C42C-E70E-4885-BAC7-4A1DD0196EDA}.Debug|Any CPU.Build.0 = Debug|Any CPU
		{0594C42C-E70E-4885-BAC7-4A1DD0196EDA}.Release|Any CPU.ActiveCfg = Release|Any CPU
		{0594C42C-E70E-4885-BAC7-4A1DD0196EDA}.Release|Any CPU.Build.0 = Release|Any CPU
	EndGlobalSection
	GlobalSection(SolutionProperties) = preSolution
		HideSolutionNode = FALSE
	EndGlobalSection
	GlobalSection(ExtensibilityGlobals) = postSolution
		SolutionGuid = {8EE2FE1D-9F93-4021-B5FE-429EBB65FF8A}
	EndGlobalSection
EndGlobal
