
Microsoft Visual Studio Solution File, Format Version 12.00
# Visual Studio Version 17
VisualStudioVersion = 17.5.33502.453
MinimumVisualStudioVersion = 10.0.40219.1
Project("{FAE04EC0-301F-11D3-BF4B-00C04F79EFBC}") = "fpsPlus", "fpsPlus\fpsPlus.csproj", "{81E6EE85-B3DD-4287-8F8C-9281FCF129F3}"
EndProject
Global
	GlobalSection(SolutionConfigurationPlatforms) = preSolution
		Debug|Any CPU = Debug|Any CPU
		Release|Any CPU = Release|Any CPU
	EndGlobalSection
	GlobalSection(ProjectConfigurationPlatforms) = postSolution
		{81E6EE85-B3DD-4287-8F8C-9281FCF129F3}.Debug|Any CPU.ActiveCfg = Debug|Any CPU
		{81E6EE85-B3DD-4287-8F8C-9281FCF129F3}.Debug|Any CPU.Build.0 = Debug|Any CPU
		{81E6EE85-B3DD-4287-8F8C-9281FCF129F3}.Release|Any CPU.ActiveCfg = Release|Any CPU
		{81E6EE85-B3DD-4287-8F8C-9281FCF129F3}.Release|Any CPU.Build.0 = Release|Any CPU
	EndGlobalSection
	GlobalSection(SolutionProperties) = preSolution
		HideSolutionNode = FALSE
	EndGlobalSection
	GlobalSection(ExtensibilityGlobals) = postSolution
		SolutionGuid = {41C8CA67-0185-4866-BBE7-EB96DFE57234}
	EndGlobalSection
EndGlobal
